
Microsoft Visual Studio Solution File, Format Version 12.00
# Visual Studio Version 17
VisualStudioVersion = 17.12.35707.178
MinimumVisualStudioVersion = 10.0.40219.1
Project("{FAE04EC0-301F-11D3-BF4B-00C04F79EFBC}") = "HabitLogger_App", "WaterLogger_App\HabitLogger_App.csproj", "{3A1CB58F-5286-468D-84CF-57C85E8DC646}"
EndProject
Global
	GlobalSection(SolutionConfigurationPlatforms) = preSolution
		Debug|Any CPU = Debug|Any CPU
		Release|Any CPU = Release|Any CPU
	EndGlobalSection
	GlobalSection(ProjectConfigurationPlatforms) = postSolution
		{3A1CB58F-5286-468D-84CF-57C85E8DC646}.Debug|Any CPU.ActiveCfg = Debug|Any CPU
		{3A1CB58F-5286-468D-84CF-57C85E8DC646}.Debug|Any CPU.Build.0 = Debug|Any CPU
		{3A1CB58F-5286-468D-84CF-57C85E8DC646}.Release|Any CPU.ActiveCfg = Release|Any CPU
		{3A1CB58F-5286-468D-84CF-57C85E8DC646}.Release|Any CPU.Build.0 = Release|Any CPU
	EndGlobalSection
	GlobalSection(SolutionProperties) = preSolution
		HideSolutionNode = FALSE
	EndGlobalSection
EndGlobal
